{
  "requires": true,
  "lockfileVersion": 1,
  "dependencies": {
    "mini-svg-data-uri": {
      "version": "1.0.3",
      "resolved": "https://registry.npmjs.org/mini-svg-data-uri/-/mini-svg-data-uri-1.0.3.tgz",
      "integrity": "sha512-YBaqsh6GE+4jQhLNkFYEagH2o4bVTlGGpEvkuwtwc+1NBGXqpcVCnsUGkGp75ovPXxtF2GsDYzUwyhfC0hntiA==",
      "dev": true
    }
  }
}
