{
  "requires": true,
  "lockfileVersion": 1,
  "dependencies": {
    "@types/marked": {
      "version": "0.7.2",
      "resolved": "https://registry.npmjs.org/@types/marked/-/marked-0.7.2.tgz",
      "integrity": "sha512-A3EDyNaq6OCcpaOia2HQ/tu2QYt8DKuj4ExP21VU3cU3HTo2FLslvbqa2T1vux910RHvuSVqpwKnnykSFcRWOA==",
      "dev": true
    },
    "marked": {
      "version": "0.8.0",
      "resolved": "https://registry.npmjs.org/marked/-/marked-0.8.0.tgz",
      "integrity": "sha512-MyUe+T/Pw4TZufHkzAfDj6HarCBWia2y27/bhuYkTaiUnfDYFnCP3KUN+9oM7Wi6JA2rymtVYbQu3spE0GCmxQ=="
    }
  }
}
