{
  "name": "algol-games",
  "requires": true,
  "lockfileVersion": 1,
  "dependencies": {
    "ambi": {
      "version": "3.2.0",
      "resolved": "https://registry.npmjs.org/ambi/-/ambi-3.2.0.tgz",
      "integrity": "sha512-nj5sHLPFd7u2OLmHdFs4DHt3gK6edpNw35hTRIKyI/Vd2Th5e4io50rw1lhmCdUNO2Mm4/4FkHmv6shEANAWcw==",
      "dev": true,
      "requires": {
        "editions": "^2.1.0",
        "typechecker": "^4.3.0"
      }
    },
    "eachr": {
      "version": "3.2.0",
      "resolved": "https://registry.npmjs.org/eachr/-/eachr-3.2.0.tgz",
      "integrity": "sha1-LDXkPqCGUW95l8+At6pk1VpKRIQ=",
      "dev": true,
      "requires": {
        "editions": "^1.1.1",
        "typechecker": "^4.3.0"
      },
      "dependencies": {
        "editions": {
          "version": "1.3.4",
          "resolved": "https://registry.npmjs.org/editions/-/editions-1.3.4.tgz",
          "integrity": "sha512-gzao+mxnYDzIysXKMQi/+M1mjy/rjestjg6OPoYTtI+3Izp23oiGZitsl9lPDPiTGXbcSIk1iJWhliSaglxnUg==",
          "dev": true
        }
      }
    },
    "editions": {
      "version": "2.1.3",
      "resolved": "https://registry.npmjs.org/editions/-/editions-2.1.3.tgz",
      "integrity": "sha512-xDZyVm0A4nLgMNWVVLJvcwMjI80ShiH/27RyLiCnW1L273TcJIA25C4pwJ33AWV01OX6UriP35Xu+lH4S7HWQw==",
      "dev": true,
      "requires": {
        "errlop": "^1.1.1",
        "semver": "^5.6.0"
      }
    },
    "errlop": {
      "version": "1.1.1",
      "resolved": "https://registry.npmjs.org/errlop/-/errlop-1.1.1.tgz",
      "integrity": "sha512-WX7QjiPHhsny7/PQvrhS5VMizXXKoKCS3udaBp8gjlARdbn+XmK300eKBAAN0hGyRaTCtRpOaxK+xFVPUJ3zkw==",
      "dev": true,
      "requires": {
        "editions": "^2.1.2"
      }
    },
    "extendr": {
      "version": "3.4.1",
      "resolved": "https://registry.npmjs.org/extendr/-/extendr-3.4.1.tgz",
      "integrity": "sha512-xcdwhNFctt6U7XVBYgB35YG/CZFOZUZw+OCNiMPsgbENLlajgrZLVV6bgS/9zLHnY7s5nW6nJZcNrBvq033l1w==",
      "dev": true,
      "requires": {
        "editions": "^2.1.0",
        "typechecker": "^4.7.0"
      }
    },
    "graceful-fs": {
      "version": "4.1.15",
      "resolved": "https://registry.npmjs.org/graceful-fs/-/graceful-fs-4.1.15.tgz",
      "integrity": "sha512-6uHUhOPEBgQ24HM+r6b/QwWfZq+yiFcipKFrOFiBEnWdy5sdzYoi+pJeQaPI5qOLRFqWmAXUPQNsielzdLoecA==",
      "dev": true
    },
    "ignorefs": {
      "version": "1.2.0",
      "resolved": "https://registry.npmjs.org/ignorefs/-/ignorefs-1.2.0.tgz",
      "integrity": "sha1-2ln7hYl25KXkNwLM0fKC/byeV1Y=",
      "dev": true,
      "requires": {
        "editions": "^1.3.3",
        "ignorepatterns": "^1.1.0"
      },
      "dependencies": {
        "editions": {
          "version": "1.3.4",
          "resolved": "https://registry.npmjs.org/editions/-/editions-1.3.4.tgz",
          "integrity": "sha512-gzao+mxnYDzIysXKMQi/+M1mjy/rjestjg6OPoYTtI+3Izp23oiGZitsl9lPDPiTGXbcSIk1iJWhliSaglxnUg==",
          "dev": true
        }
      }
    },
    "ignorepatterns": {
      "version": "1.1.0",
      "resolved": "https://registry.npmjs.org/ignorepatterns/-/ignorepatterns-1.1.0.tgz",
      "integrity": "sha1-rI9DbyI5td+2bV8NOpBKh6xnzF4=",
      "dev": true
    },
    "lodash.isequal": {
      "version": "4.5.0",
      "resolved": "https://registry.npmjs.org/lodash.isequal/-/lodash.isequal-4.5.0.tgz",
      "integrity": "sha1-QVxEePK8wwEgwizhDtMib30+GOA="
    },
    "readdir-cluster": {
      "version": "1.1.0",
      "resolved": "https://registry.npmjs.org/readdir-cluster/-/readdir-cluster-1.1.0.tgz",
      "integrity": "sha1-sNOxpzPBE0V7ThrYmR/fgagXSnc=",
      "dev": true,
      "requires": {
        "editions": "^1.1.1"
      },
      "dependencies": {
        "editions": {
          "version": "1.3.4",
          "resolved": "https://registry.npmjs.org/editions/-/editions-1.3.4.tgz",
          "integrity": "sha512-gzao+mxnYDzIysXKMQi/+M1mjy/rjestjg6OPoYTtI+3Izp23oiGZitsl9lPDPiTGXbcSIk1iJWhliSaglxnUg==",
          "dev": true
        }
      }
    },
    "safefs": {
      "version": "4.1.0",
      "resolved": "https://registry.npmjs.org/safefs/-/safefs-4.1.0.tgz",
      "integrity": "sha1-+CrrS9165R9lPrIPZyizBYyNZEU=",
      "dev": true,
      "requires": {
        "editions": "^1.1.1",
        "graceful-fs": "^4.1.4"
      },
      "dependencies": {
        "editions": {
          "version": "1.3.4",
          "resolved": "https://registry.npmjs.org/editions/-/editions-1.3.4.tgz",
          "integrity": "sha512-gzao+mxnYDzIysXKMQi/+M1mjy/rjestjg6OPoYTtI+3Izp23oiGZitsl9lPDPiTGXbcSIk1iJWhliSaglxnUg==",
          "dev": true
        }
      }
    },
    "scandirectory": {
      "version": "3.0.1",
      "resolved": "https://registry.npmjs.org/scandirectory/-/scandirectory-3.0.1.tgz",
      "integrity": "sha1-Jd0gFCfDPM5Pj0Cy838tA9B4V7o=",
      "dev": true,
      "requires": {
        "editions": "^1.3.1",
        "ignorefs": "^1.1.1",
        "readdir-cluster": "^1.1.0"
      },
      "dependencies": {
        "editions": {
          "version": "1.3.4",
          "resolved": "https://registry.npmjs.org/editions/-/editions-1.3.4.tgz",
          "integrity": "sha512-gzao+mxnYDzIysXKMQi/+M1mjy/rjestjg6OPoYTtI+3Izp23oiGZitsl9lPDPiTGXbcSIk1iJWhliSaglxnUg==",
          "dev": true
        }
      }
    },
    "semver": {
      "version": "5.6.0",
      "resolved": "https://registry.npmjs.org/semver/-/semver-5.6.0.tgz",
      "integrity": "sha512-RS9R6R35NYgQn++fkDWaOmqGoj4Ek9gGs+DPxNUZKuwE183xjJroKvyo1IzVFeXvUrvmALy6FWD5xrdJT25gMg==",
      "dev": true
    },
    "taskgroup": {
      "version": "5.3.0",
      "resolved": "https://registry.npmjs.org/taskgroup/-/taskgroup-5.3.0.tgz",
      "integrity": "sha512-++j3Yi3XZGYgAvmGzRtNa+BnDvkPbdroyMffCY+Gj9A4iH2IJ1S7/g6LewGVXQkVw/KOzlfE1TimARYXvOEsgQ==",
      "dev": true,
      "requires": {
        "ambi": "^3.0.0",
        "eachr": "^3.2.0",
        "editions": "^1.3.4",
        "extendr": "^3.2.2",
        "unbounded": "^1.1.0"
      },
      "dependencies": {
        "editions": {
          "version": "1.3.4",
          "resolved": "https://registry.npmjs.org/editions/-/editions-1.3.4.tgz",
          "integrity": "sha512-gzao+mxnYDzIysXKMQi/+M1mjy/rjestjg6OPoYTtI+3Izp23oiGZitsl9lPDPiTGXbcSIk1iJWhliSaglxnUg==",
          "dev": true
        }
      }
    },
    "typechecker": {
      "version": "4.7.0",
      "resolved": "https://registry.npmjs.org/typechecker/-/typechecker-4.7.0.tgz",
      "integrity": "sha512-4LHc1KMNJ6NDGO+dSM/yNfZQRtp8NN7psYrPHUblD62Dvkwsp3VShsbM78kOgpcmMkRTgvwdKOTjctS+uMllgQ==",
      "dev": true,
      "requires": {
        "editions": "^2.1.0"
      }
    },
    "unbounded": {
      "version": "1.2.0",
      "resolved": "https://registry.npmjs.org/unbounded/-/unbounded-1.2.0.tgz",
      "integrity": "sha512-D/ENuBtxxwhxEiSXHgHwM/UXsDRuXz7JwqBQ54zrbaqmbmSWPvsGMzslr5mEftsDo1KOfl7vEIXGCamWBlAT6Q==",
      "dev": true,
      "requires": {
        "editions": "^2.1.3"
      }
    },
    "watchr": {
      "version": "4.1.0",
      "resolved": "https://registry.npmjs.org/watchr/-/watchr-4.1.0.tgz",
      "integrity": "sha512-ShaYIRazXv+4FjHNcjd6H8oyWcJnLh3M7Gle/7ZVj8WoMqBXU0xotCwxPFjEe8j92nozdBz0Q2hOrnp+U+55FA==",
      "dev": true,
      "requires": {
        "eachr": "^3.2.0",
        "editions": "^2.1.0",
        "extendr": "^3.2.2",
        "ignorefs": "^1.1.1",
        "safefs": "^4.1.0",
        "scandirectory": "^3.0.1",
        "taskgroup": "^5.0.1"
      }
    }
  }
}
